{
  "name": "securellmgateway",
  "version": "1.0.0",
  "lockfileVersion": 3,
  "requires": true,
  "packages": {
    "": {
      "name": "securellmgateway",
      "version": "1.0.0",
      "license": "ISC",
      "dependencies": {
        "secure-llm-libs": "file:../../../../secure-llm-libs"
      }
    },
    "../../../../secure-llm-libs": {
      "version": "1.0.0",
      "license": "ISC"
    },
    "node_modules/secure-llm-libs": {
      "resolved": "../../../../secure-llm-libs",
      "link": true
    }
  }
}
